# Plugins loaded into the volume grafana-plugins by scripts/load-plugins.sh and
# copied into each Grafana pod at start. One line per plugin: the archive
# plugins/<id>-<version>.zip must have this SHA-256.
# Both archives are signed by Grafana Labs (MANIFEST.txt); Grafana checks the
# signature when it loads them.
# id                            version  sha256                                                            source
grafana-polystat-panel          2.1.16   3e1791f83b4db03134dac24521a52407c1990a1b56356dc440580ee4664f214c  https://github.com/grafana/grafana-polystat-panel/releases/download/v2.1.16/grafana-polystat-panel-2.1.16.zip
grafana-metricsdrilldown-app    2.5.1    becac36d08519001d96b204509533bceef5b3238be23b5cef80c592facb44da5  https://github.com/grafana/metrics-drilldown/releases/download/v2.5.1/grafana-metricsdrilldown-app-2.5.1.zip
